# This file is autogenerated, do not edit; changes may be undone by the next 'dep ensure'.


[[projects]]
  branch = "master"
  name = "github.com/fatih/stopwatch"
  packages = ["."]
  revision = "580573a5c248b688163e474ac22193ccef2fd6c6"

[solve-meta]
  analyzer-name = "dep"
  analyzer-version = 1
  inputs-digest = "fd63817b07f89cb7f9154b4e5994b666a05045532ea4d1561d8a1d0d0b336708"
  solver-name = "gps-cdcl"
  solver-version = 1
