# This file is autogenerated, do not edit; changes may be undone by the next 'dep ensure'.


[[projects]]
  name = "github.com/robfig/cron"
  packages = ["."]
  revision = "b024fc5ea0e34bc3f83d9941c8d60b0622bfaca4"
  version = "v1"

[solve-meta]
  analyzer-name = "dep"
  analyzer-version = 1
  inputs-digest = "d1a91d5a46bf960a9872f5952216f795349c7b2dab4bbc9ff4c24b628d83c05a"
  solver-name = "gps-cdcl"
  solver-version = 1
