# This file is autogenerated, do not edit; changes may be undone by the next 'dep ensure'.


[[projects]]
  branch = "master"
  name = "github.com/axgle/mahonia"
  packages = ["."]
  revision = "c528b747d92d41ca581a7acf3e604c396fc7c034"

[solve-meta]
  analyzer-name = "dep"
  analyzer-version = 1
  inputs-digest = "c4bb20ef45a5ba513da48ad4801beff80a38a8a6dddf5435f091b207b7528b63"
  solver-name = "gps-cdcl"
  solver-version = 1
