# This file is autogenerated, do not edit; changes may be undone by the next 'dep ensure'.


[[projects]]
  branch = "master"
  name = "github.com/axgle/mahonia"
  packages = ["."]
  revision = "c528b747d92d41ca581a7acf3e604c396fc7c034"

[solve-meta]
  analyzer-name = "dep"
  analyzer-version = 1
  inputs-digest = "164c8693bc6a9c15177967495ea9452541443111405ea0062fdfe492b83926db"
  solver-name = "gps-cdcl"
  solver-version = 1
