# This file is autogenerated, do not edit; changes may be undone by the next 'dep ensure'.


[[projects]]
  branch = "master"
  name = "github.com/urfave/cli"
  packages = ["."]
  revision = "b99aa811b4c1dd84cc6bccb8499c82c72098085a"

[solve-meta]
  analyzer-name = "dep"
  analyzer-version = 1
  inputs-digest = "d6268b6cf4075e82b34a6bbcedf0c06cd99d1c0c94708c526f08d5ad3c746765"
  solver-name = "gps-cdcl"
  solver-version = 1
